{
  "originHash" : "93238e8484b464be966cec9fa90b33b9da7492ab06b1fe89a8666b23448ec097",
  "pins" : [
    {
      "identity" : "wwjavascriptcontext",
      "kind" : "remoteSourceControl",
      "location" : "https://github.com/William-Weng/WWJavaScriptContext",
      "state" : {
        "revision" : "605cb0a6f03fd007661ecd2586328a23c6665ab1",
        "version" : "1.0.4"
      }
    },
    {
      "identity" : "wwprint",
      "kind" : "remoteSourceControl",
      "location" : "https://github.com/William-Weng/WWPrint",
      "state" : {
        "revision" : "8f5928f5d36624d77f8fc563fd8e31a59cfac6b6",
        "version" : "1.3.1"
      }
    }
  ],
  "version" : 3
}
